
Microsoft Visual Studio Solution File, Format Version 12.00
# Visual Studio Version 17
VisualStudioVersion = 17.2.32526.322
MinimumVisualStudioVersion = 10.0.40219.1
Project("{9A19103F-16F7-4668-BE54-9A1E7A4F7556}") = "aspnetserver", "aspnetserver\aspnetserver.csproj", "{BC479811-5F01-49E6-A49A-26A40BB84099}"
EndProject
Project("{9A19103F-16F7-4668-BE54-9A1E7A4F7556}") = "bookingdesks", "API-bookingdesks\bookingdesks.csproj", "{D6854F38-6CB4-4740-AA08-9087B513140D}"
EndProject
Global
	GlobalSection(SolutionConfigurationPlatforms) = preSolution
		Debug|Any CPU = Debug|Any CPU
		Release|Any CPU = Release|Any CPU
	EndGlobalSection
	GlobalSection(ProjectConfigurationPlatforms) = postSolution
		{BC479811-5F01-49E6-A49A-26A40BB84099}.Debug|Any CPU.ActiveCfg = Debug|Any CPU
		{BC479811-5F01-49E6-A49A-26A40BB84099}.Debug|Any CPU.Build.0 = Debug|Any CPU
		{BC479811-5F01-49E6-A49A-26A40BB84099}.Release|Any CPU.ActiveCfg = Release|Any CPU
		{BC479811-5F01-49E6-A49A-26A40BB84099}.Release|Any CPU.Build.0 = Release|Any CPU
		{D6854F38-6CB4-4740-AA08-9087B513140D}.Debug|Any CPU.ActiveCfg = Debug|Any CPU
		{D6854F38-6CB4-4740-AA08-9087B513140D}.Debug|Any CPU.Build.0 = Debug|Any CPU
		{D6854F38-6CB4-4740-AA08-9087B513140D}.Release|Any CPU.ActiveCfg = Release|Any CPU
		{D6854F38-6CB4-4740-AA08-9087B513140D}.Release|Any CPU.Build.0 = Release|Any CPU
	EndGlobalSection
	GlobalSection(SolutionProperties) = preSolution
		HideSolutionNode = FALSE
	EndGlobalSection
	GlobalSection(ExtensibilityGlobals) = postSolution
		SolutionGuid = {4E361601-B5B1-4696-AC9B-6A07987AED33}
	EndGlobalSection
EndGlobal
